
Microsoft Visual Studio Solution File, Format Version 12.00
# Visual Studio Version 16
VisualStudioVersion = 16.0.31613.86
MinimumVisualStudioVersion = 10.0.40219.1
Project("{FAE04EC0-301F-11D3-BF4B-00C04F79EFBC}") = "AreanDeBatalha.GUI", "AreanDeBatalha.GUI\AreanDeBatalha.GUI.csproj", "{F2149B5F-E59B-4F62-8AA2-EE2A33F02B40}"
EndProject
Project("{FAE04EC0-301F-11D3-BF4B-00C04F79EFBC}") = "ArenaDeBatalha.Logica", "ArenaDeBatalha.GameLogic\ArenaDeBatalha.Logica.csproj", "{B1BFACE5-1BAA-4A2A-B4D2-BB3E9019F7B8}"
EndProject
Global
	GlobalSection(SolutionConfigurationPlatforms) = preSolution
		Debug|Any CPU = Debug|Any CPU
		Release|Any CPU = Release|Any CPU
	EndGlobalSection
	GlobalSection(ProjectConfigurationPlatforms) = postSolution
		{F2149B5F-E59B-4F62-8AA2-EE2A33F02B40}.Debug|Any CPU.ActiveCfg = Debug|Any CPU
		{F2149B5F-E59B-4F62-8AA2-EE2A33F02B40}.Debug|Any CPU.Build.0 = Debug|Any CPU
		{F2149B5F-E59B-4F62-8AA2-EE2A33F02B40}.Release|Any CPU.ActiveCfg = Release|Any CPU
		{F2149B5F-E59B-4F62-8AA2-EE2A33F02B40}.Release|Any CPU.Build.0 = Release|Any CPU
		{B1BFACE5-1BAA-4A2A-B4D2-BB3E9019F7B8}.Debug|Any CPU.ActiveCfg = Debug|Any CPU
		{B1BFACE5-1BAA-4A2A-B4D2-BB3E9019F7B8}.Debug|Any CPU.Build.0 = Debug|Any CPU
		{B1BFACE5-1BAA-4A2A-B4D2-BB3E9019F7B8}.Release|Any CPU.ActiveCfg = Release|Any CPU
		{B1BFACE5-1BAA-4A2A-B4D2-BB3E9019F7B8}.Release|Any CPU.Build.0 = Release|Any CPU
	EndGlobalSection
	GlobalSection(SolutionProperties) = preSolution
		HideSolutionNode = FALSE
	EndGlobalSection
	GlobalSection(ExtensibilityGlobals) = postSolution
		SolutionGuid = {1723CD95-649D-4B2C-9670-C6B970C424E5}
	EndGlobalSection
EndGlobal
